
Microsoft Visual Studio Solution File, Format Version 12.00
# Visual Studio Version 17
VisualStudioVersion = 17.8.34525.116
MinimumVisualStudioVersion = 10.0.40219.1
Project("{9A19103F-16F7-4668-BE54-9A1E7A4F7556}") = "ConsoleApp", "ConsoleApp.csproj", "{9AE68D2B-B33C-4896-B868-0959B0632C88}"
EndProject
Global
	GlobalSection(SolutionConfigurationPlatforms) = preSolution
		Debug|Any CPU = Debug|Any CPU
		Release|Any CPU = Release|Any CPU
	EndGlobalSection
	GlobalSection(ProjectConfigurationPlatforms) = postSolution
		{9AE68D2B-B33C-4896-B868-0959B0632C88}.Debug|Any CPU.ActiveCfg = Debug|Any CPU
		{9AE68D2B-B33C-4896-B868-0959B0632C88}.Debug|Any CPU.Build.0 = Debug|Any CPU
		{9AE68D2B-B33C-4896-B868-0959B0632C88}.Release|Any CPU.ActiveCfg = Release|Any CPU
		{9AE68D2B-B33C-4896-B868-0959B0632C88}.Release|Any CPU.Build.0 = Release|Any CPU
	EndGlobalSection
	GlobalSection(SolutionProperties) = preSolution
		HideSolutionNode = FALSE
	EndGlobalSection
	GlobalSection(ExtensibilityGlobals) = postSolution
		SolutionGuid = {6B65F7B4-6A4C-4FEF-A951-76A8DDE6F78E}
	EndGlobalSection
EndGlobal
